{
  "name": "decompiler",
  "version": "1.0.0",
  "lockfileVersion": 2,
  "requires": true,
  "packages": {
    "": {
      "name": "decompiler",
      "version": "1.0.0",
      "license": "ISC",
      "dependencies": {
        "tvm-spec": "file:../tvm-spec",
        "typescript": "^5.3.3"
      }
    },
    "../tvm-spec": {
      "version": "1.0.0",
      "license": "ISC",
      "dependencies": {
        "json-schema-to-typescript": "^13.1.2",
        "typescript": "^5.3.3"
      }
    },
    "node_modules/tvm-spec": {
      "resolved": "../tvm-spec",
      "link": true
    },
    "node_modules/typescript": {
      "version": "5.3.3",
      "resolved": "https://registry.npmjs.org/typescript/-/typescript-5.3.3.tgz",
      "integrity": "sha512-pXWcraxM0uxAS+tN0AG/BF2TyqmHO014Z070UsJ+pFvYuRSq8KH8DmWpnbXe0pEPDHXZV3FcAbJkijJ5oNEnWw==",
      "bin": {
        "tsc": "bin/tsc",
        "tsserver": "bin/tsserver"
      },
      "engines": {
        "node": ">=14.17"
      }
    }
  },
  "dependencies": {
    "tvm-spec": {
      "version": "file:../tvm-spec",
      "requires": {
        "json-schema-to-typescript": "^13.1.2",
        "typescript": "^5.3.3"
      }
    },
    "typescript": {
      "version": "5.3.3",
      "resolved": "https://registry.npmjs.org/typescript/-/typescript-5.3.3.tgz",
      "integrity": "sha512-pXWcraxM0uxAS+tN0AG/BF2TyqmHO014Z070UsJ+pFvYuRSq8KH8DmWpnbXe0pEPDHXZV3FcAbJkijJ5oNEnWw=="
    }
  }
}
